
Microsoft Visual Studio Solution File, Format Version 12.00
# Visual Studio 14
VisualStudioVersion = 14.0.25420.1
MinimumVisualStudioVersion = 10.0.40219.1
Project("{FAE04EC0-301F-11D3-BF4B-00C04F79EFBC}") = "Planet.PDA.Portable", "Planet.PDA.Portable\Planet.PDA.Portable\Planet.PDA.Portable.csproj", "{E722A26A-12E0-4AA7-A9D9-3F1A89E2B1BB}"
EndProject
Project("{FAE04EC0-301F-11D3-BF4B-00C04F79EFBC}") = "Planet.PDA.Portable.Droid", "Planet.PDA.Portable\Planet.PDA.Portable.Droid\Planet.PDA.Portable.Droid.csproj", "{4EAED7E9-09BC-4DAE-B508-625C52EDEE82}"
EndProject
Project("{FAE04EC0-301F-11D3-BF4B-00C04F79EFBC}") = "Planet.PDA.Portable.iOS", "Planet.PDA.Portable\Planet.PDA.Portable.iOS\Planet.PDA.Portable.iOS.csproj", "{25BEBD82-0423-4C34-BC70-39A7E0E7C5DC}"
EndProject
Project("{D954291E-2A0B-460D-934E-DC6B0785DB48}") = "Planet.PDA.Portable.Common", "Planet.PDA.Portable.Common\Planet.PDA.Portable.Common.shproj", "{798001D1-EDCF-40B4-B0B4-CD700A5C216B}"
EndProject
Global
	GlobalSection(SharedMSBuildProjectFiles) = preSolution
		Planet.PDA.Portable.Common\Planet.PDA.Portable.Common.projitems*{798001d1-edcf-40b4-b0b4-cd700a5c216b}*SharedItemsImports = 13
	EndGlobalSection
	GlobalSection(SolutionConfigurationPlatforms) = preSolution
		Ad-Hoc|Any CPU = Ad-Hoc|Any CPU
		Ad-Hoc|ARM = Ad-Hoc|ARM
		Ad-Hoc|iPhone = Ad-Hoc|iPhone
		Ad-Hoc|iPhoneSimulator = Ad-Hoc|iPhoneSimulator
		Ad-Hoc|x64 = Ad-Hoc|x64
		Ad-Hoc|x86 = Ad-Hoc|x86
		AppStore|Any CPU = AppStore|Any CPU
		AppStore|ARM = AppStore|ARM
		AppStore|iPhone = AppStore|iPhone
		AppStore|iPhoneSimulator = AppStore|iPhoneSimulator
		AppStore|x64 = AppStore|x64
		AppStore|x86 = AppStore|x86
		Debug|Any CPU = Debug|Any CPU
		Debug|ARM = Debug|ARM
		Debug|iPhone = Debug|iPhone
		Debug|iPhoneSimulator = Debug|iPhoneSimulator
		Debug|x64 = Debug|x64
		Debug|x86 = Debug|x86
		Release|Any CPU = Release|Any CPU
		Release|ARM = Release|ARM
		Release|iPhone = Release|iPhone
		Release|iPhoneSimulator = Release|iPhoneSimulator
		Release|x64 = Release|x64
		Release|x86 = Release|x86
	EndGlobalSection
	GlobalSection(ProjectConfigurationPlatforms) = postSolution
		{E722A26A-12E0-4AA7-A9D9-3F1A89E2B1BB}.Ad-Hoc|Any CPU.ActiveCfg = Release|Any CPU
		{E722A26A-12E0-4AA7-A9D9-3F1A89E2B1BB}.Ad-Hoc|Any CPU.Build.0 = Release|Any CPU
		{E722A26A-12E0-4AA7-A9D9-3F1A89E2B1BB}.Ad-Hoc|ARM.ActiveCfg = Release|Any CPU
		{E722A26A-12E0-4AA7-A9D9-3F1A89E2B1BB}.Ad-Hoc|ARM.Build.0 = Release|Any CPU
		{E722A26A-12E0-4AA7-A9D9-3F1A89E2B1BB}.Ad-Hoc|iPhone.ActiveCfg = Release|Any CPU
		{E722A26A-12E0-4AA7-A9D9-3F1A89E2B1BB}.Ad-Hoc|iPhone.Build.0 = Release|Any CPU
		{E722A26A-12E0-4AA7-A9D9-3F1A89E2B1BB}.Ad-Hoc|iPhoneSimulator.ActiveCfg = Release|Any CPU
		{E722A26A-12E0-4AA7-A9D9-3F1A89E2B1BB}.Ad-Hoc|iPhoneSimulator.Build.0 = Release|Any CPU
		{E722A26A-12E0-4AA7-A9D9-3F1A89E2B1BB}.Ad-Hoc|x64.ActiveCfg = Release|Any CPU
		{E722A26A-12E0-4AA7-A9D9-3F1A89E2B1BB}.Ad-Hoc|x64.Build.0 = Release|Any CPU
		{E722A26A-12E0-4AA7-A9D9-3F1A89E2B1BB}.Ad-Hoc|x86.ActiveCfg = Release|Any CPU
		{E722A26A-12E0-4AA7-A9D9-3F1A89E2B1BB}.Ad-Hoc|x86.Build.0 = Release|Any CPU
		{E722A26A-12E0-4AA7-A9D9-3F1A89E2B1BB}.AppStore|Any CPU.ActiveCfg = Release|Any CPU
		{E722A26A-12E0-4AA7-A9D9-3F1A89E2B1BB}.AppStore|Any CPU.Build.0 = Release|Any CPU
		{E722A26A-12E0-4AA7-A9D9-3F1A89E2B1BB}.AppStore|ARM.ActiveCfg = Release|Any CPU
		{E722A26A-12E0-4AA7-A9D9-3F1A89E2B1BB}.AppStore|ARM.Build.0 = Release|Any CPU
		{E722A26A-12E0-4AA7-A9D9-3F1A89E2B1BB}.AppStore|iPhone.ActiveCfg = Release|Any CPU
		{E722A26A-12E0-4AA7-A9D9-3F1A89E2B1BB}.AppStore|iPhone.Build.0 = Release|Any CPU
		{E722A26A-12E0-4AA7-A9D9-3F1A89E2B1BB}.AppStore|iPhoneSimulator.ActiveCfg = Release|Any CPU
		{E722A26A-12E0-4AA7-A9D9-3F1A89E2B1BB}.AppStore|iPhoneSimulator.Build.0 = Release|Any CPU
		{E722A26A-12E0-4AA7-A9D9-3F1A89E2B1BB}.AppStore|x64.ActiveCfg = Release|Any CPU
		{E722A26A-12E0-4AA7-A9D9-3F1A89E2B1BB}.AppStore|x64.Build.0 = Release|Any CPU
		{E722A26A-12E0-4AA7-A9D9-3F1A89E2B1BB}.AppStore|x86.ActiveCfg = Release|Any CPU
		{E722A26A-12E0-4AA7-A9D9-3F1A89E2B1BB}.AppStore|x86.Build.0 = Release|Any CPU
		{E722A26A-12E0-4AA7-A9D9-3F1A89E2B1BB}.Debug|Any CPU.ActiveCfg = Debug|Any CPU
		{E722A26A-12E0-4AA7-A9D9-3F1A89E2B1BB}.Debug|Any CPU.Build.0 = Debug|Any CPU
		{E722A26A-12E0-4AA7-A9D9-3F1A89E2B1BB}.Debug|ARM.ActiveCfg = Debug|Any CPU
		{E722A26A-12E0-4AA7-A9D9-3F1A89E2B1BB}.Debug|ARM.Build.0 = Debug|Any CPU
		{E722A26A-12E0-4AA7-A9D9-3F1A89E2B1BB}.Debug|iPhone.ActiveCfg = Debug|Any CPU
		{E722A26A-12E0-4AA7-A9D9-3F1A89E2B1BB}.Debug|iPhone.Build.0 = Debug|Any CPU
		{E722A26A-12E0-4AA7-A9D9-3F1A89E2B1BB}.Debug|iPhoneSimulator.ActiveCfg = Debug|Any CPU
		{E722A26A-12E0-4AA7-A9D9-3F1A89E2B1BB}.Debug|iPhoneSimulator.Build.0 = Debug|Any CPU
		{E722A26A-12E0-4AA7-A9D9-3F1A89E2B1BB}.Debug|x64.ActiveCfg = Debug|Any CPU
		{E722A26A-12E0-4AA7-A9D9-3F1A89E2B1BB}.Debug|x64.Build.0 = Debug|Any CPU
		{E722A26A-12E0-4AA7-A9D9-3F1A89E2B1BB}.Debug|x86.ActiveCfg = Debug|Any CPU
		{E722A26A-12E0-4AA7-A9D9-3F1A89E2B1BB}.Debug|x86.Build.0 = Debug|Any CPU
		{E722A26A-12E0-4AA7-A9D9-3F1A89E2B1BB}.Release|Any CPU.ActiveCfg = Release|Any CPU
		{E722A26A-12E0-4AA7-A9D9-3F1A89E2B1BB}.Release|Any CPU.Build.0 = Release|Any CPU
		{E722A26A-12E0-4AA7-A9D9-3F1A89E2B1BB}.Release|ARM.ActiveCfg = Release|Any CPU
		{E722A26A-12E0-4AA7-A9D9-3F1A89E2B1BB}.Release|ARM.Build.0 = Release|Any CPU
		{E722A26A-12E0-4AA7-A9D9-3F1A89E2B1BB}.Release|iPhone.ActiveCfg = Release|Any CPU
		{E722A26A-12E0-4AA7-A9D9-3F1A89E2B1BB}.Release|iPhone.Build.0 = Release|Any CPU
		{E722A26A-12E0-4AA7-A9D9-3F1A89E2B1BB}.Release|iPhoneSimulator.ActiveCfg = Release|Any CPU
		{E722A26A-12E0-4AA7-A9D9-3F1A89E2B1BB}.Release|iPhoneSimulator.Build.0 = Release|Any CPU
		{E722A26A-12E0-4AA7-A9D9-3F1A89E2B1BB}.Release|x64.ActiveCfg = Release|Any CPU
		{E722A26A-12E0-4AA7-A9D9-3F1A89E2B1BB}.Release|x64.Build.0 = Release|Any CPU
		{E722A26A-12E0-4AA7-A9D9-3F1A89E2B1BB}.Release|x86.ActiveCfg = Release|Any CPU
		{E722A26A-12E0-4AA7-A9D9-3F1A89E2B1BB}.Release|x86.Build.0 = Release|Any CPU
		{4EAED7E9-09BC-4DAE-B508-625C52EDEE82}.Ad-Hoc|Any CPU.ActiveCfg = Release|Any CPU
		{4EAED7E9-09BC-4DAE-B508-625C52EDEE82}.Ad-Hoc|Any CPU.Build.0 = Release|Any CPU
		{4EAED7E9-09BC-4DAE-B508-625C52EDEE82}.Ad-Hoc|Any CPU.Deploy.0 = Release|Any CPU
		{4EAED7E9-09BC-4DAE-B508-625C52EDEE82}.Ad-Hoc|ARM.ActiveCfg = Release|Any CPU
		{4EAED7E9-09BC-4DAE-B508-625C52EDEE82}.Ad-Hoc|ARM.Build.0 = Release|Any CPU
		{4EAED7E9-09BC-4DAE-B508-625C52EDEE82}.Ad-Hoc|ARM.Deploy.0 = Release|Any CPU
		{4EAED7E9-09BC-4DAE-B508-625C52EDEE82}.Ad-Hoc|iPhone.ActiveCfg = Release|Any CPU
		{4EAED7E9-09BC-4DAE-B508-625C52EDEE82}.Ad-Hoc|iPhone.Build.0 = Release|Any CPU
		{4EAED7E9-09BC-4DAE-B508-625C52EDEE82}.Ad-Hoc|iPhone.Deploy.0 = Release|Any CPU
		{4EAED7E9-09BC-4DAE-B508-625C52EDEE82}.Ad-Hoc|iPhoneSimulator.ActiveCfg = Release|Any CPU
		{4EAED7E9-09BC-4DAE-B508-625C52EDEE82}.Ad-Hoc|iPhoneSimulator.Build.0 = Release|Any CPU
		{4EAED7E9-09BC-4DAE-B508-625C52EDEE82}.Ad-Hoc|iPhoneSimulator.Deploy.0 = Release|Any CPU
		{4EAED7E9-09BC-4DAE-B508-625C52EDEE82}.Ad-Hoc|x64.ActiveCfg = Release|Any CPU
		{4EAED7E9-09BC-4DAE-B508-625C52EDEE82}.Ad-Hoc|x64.Build.0 = Release|Any CPU
		{4EAED7E9-09BC-4DAE-B508-625C52EDEE82}.Ad-Hoc|x64.Deploy.0 = Release|Any CPU
		{4EAED7E9-09BC-4DAE-B508-625C52EDEE82}.Ad-Hoc|x86.ActiveCfg = Release|Any CPU
		{4EAED7E9-09BC-4DAE-B508-625C52EDEE82}.Ad-Hoc|x86.Build.0 = Release|Any CPU
		{4EAED7E9-09BC-4DAE-B508-625C52EDEE82}.Ad-Hoc|x86.Deploy.0 = Release|Any CPU
		{4EAED7E9-09BC-4DAE-B508-625C52EDEE82}.AppStore|Any CPU.ActiveCfg = Release|Any CPU
		{4EAED7E9-09BC-4DAE-B508-625C52EDEE82}.AppStore|Any CPU.Build.0 = Release|Any CPU
		{4EAED7E9-09BC-4DAE-B508-625C52EDEE82}.AppStore|Any CPU.Deploy.0 = Release|Any CPU
		{4EAED7E9-09BC-4DAE-B508-625C52EDEE82}.AppStore|ARM.ActiveCfg = Release|Any CPU
		{4EAED7E9-09BC-4DAE-B508-625C52EDEE82}.AppStore|ARM.Build.0 = Release|Any CPU
		{4EAED7E9-09BC-4DAE-B508-625C52EDEE82}.AppStore|ARM.Deploy.0 = Release|Any CPU
		{4EAED7E9-09BC-4DAE-B508-625C52EDEE82}.AppStore|iPhone.ActiveCfg = Release|Any CPU
		{4EAED7E9-09BC-4DAE-B508-625C52EDEE82}.AppStore|iPhone.Build.0 = Release|Any CPU
		{4EAED7E9-09BC-4DAE-B508-625C52EDEE82}.AppStore|iPhone.Deploy.0 = Release|Any CPU
		{4EAED7E9-09BC-4DAE-B508-625C52EDEE82}.AppStore|iPhoneSimulator.ActiveCfg = Release|Any CPU
		{4EAED7E9-09BC-4DAE-B508-625C52EDEE82}.AppStore|iPhoneSimulator.Build.0 = Release|Any CPU
		{4EAED7E9-09BC-4DAE-B508-625C52EDEE82}.AppStore|iPhoneSimulator.Deploy.0 = Release|Any CPU
		{4EAED7E9-09BC-4DAE-B508-625C52EDEE82}.AppStore|x64.ActiveCfg = Release|Any CPU
		{4EAED7E9-09BC-4DAE-B508-625C52EDEE82}.AppStore|x64.Build.0 = Release|Any CPU
		{4EAED7E9-09BC-4DAE-B508-625C52EDEE82}.AppStore|x64.Deploy.0 = Release|Any CPU
		{4EAED7E9-09BC-4DAE-B508-625C52EDEE82}.AppStore|x86.ActiveCfg = Release|Any CPU
		{4EAED7E9-09BC-4DAE-B508-625C52EDEE82}.AppStore|x86.Build.0 = Release|Any CPU
		{4EAED7E9-09BC-4DAE-B508-625C52EDEE82}.AppStore|x86.Deploy.0 = Release|Any CPU
		{4EAED7E9-09BC-4DAE-B508-625C52EDEE82}.Debug|Any CPU.ActiveCfg = Debug|Any CPU
		{4EAED7E9-09BC-4DAE-B508-625C52EDEE82}.Debug|Any CPU.Build.0 = Debug|Any CPU
		{4EAED7E9-09BC-4DAE-B508-625C52EDEE82}.Debug|Any CPU.Deploy.0 = Debug|Any CPU
		{4EAED7E9-09BC-4DAE-B508-625C52EDEE82}.Debug|ARM.ActiveCfg = Debug|Any CPU
		{4EAED7E9-09BC-4DAE-B508-625C52EDEE82}.Debug|ARM.Build.0 = Debug|Any CPU
		{4EAED7E9-09BC-4DAE-B508-625C52EDEE82}.Debug|ARM.Deploy.0 = Debug|Any CPU
		{4EAED7E9-09BC-4DAE-B508-625C52EDEE82}.Debug|iPhone.ActiveCfg = Debug|Any CPU
		{4EAED7E9-09BC-4DAE-B508-625C52EDEE82}.Debug|iPhone.Build.0 = Debug|Any CPU
		{4EAED7E9-09BC-4DAE-B508-625C52EDEE82}.Debug|iPhone.Deploy.0 = Debug|Any CPU
		{4EAED7E9-09BC-4DAE-B508-625C52EDEE82}.Debug|iPhoneSimulator.ActiveCfg = Debug|Any CPU
		{4EAED7E9-09BC-4DAE-B508-625C52EDEE82}.Debug|iPhoneSimulator.Build.0 = Debug|Any CPU
		{4EAED7E9-09BC-4DAE-B508-625C52EDEE82}.Debug|iPhoneSimulator.Deploy.0 = Debug|Any CPU
		{4EAED7E9-09BC-4DAE-B508-625C52EDEE82}.Debug|x64.ActiveCfg = Debug|Any CPU
		{4EAED7E9-09BC-4DAE-B508-625C52EDEE82}.Debug|x64.Build.0 = Debug|Any CPU
		{4EAED7E9-09BC-4DAE-B508-625C52EDEE82}.Debug|x64.Deploy.0 = Debug|Any CPU
		{4EAED7E9-09BC-4DAE-B508-625C52EDEE82}.Debug|x86.ActiveCfg = Debug|Any CPU
		{4EAED7E9-09BC-4DAE-B508-625C52EDEE82}.Debug|x86.Build.0 = Debug|Any CPU
		{4EAED7E9-09BC-4DAE-B508-625C52EDEE82}.Debug|x86.Deploy.0 = Debug|Any CPU
		{4EAED7E9-09BC-4DAE-B508-625C52EDEE82}.Release|Any CPU.ActiveCfg = Release|Any CPU
		{4EAED7E9-09BC-4DAE-B508-625C52EDEE82}.Release|Any CPU.Build.0 = Release|Any CPU
		{4EAED7E9-09BC-4DAE-B508-625C52EDEE82}.Release|Any CPU.Deploy.0 = Release|Any CPU
		{4EAED7E9-09BC-4DAE-B508-625C52EDEE82}.Release|ARM.ActiveCfg = Release|Any CPU
		{4EAED7E9-09BC-4DAE-B508-625C52EDEE82}.Release|ARM.Build.0 = Release|Any CPU
		{4EAED7E9-09BC-4DAE-B508-625C52EDEE82}.Release|ARM.Deploy.0 = Release|Any CPU
		{4EAED7E9-09BC-4DAE-B508-625C52EDEE82}.Release|iPhone.ActiveCfg = Release|Any CPU
		{4EAED7E9-09BC-4DAE-B508-625C52EDEE82}.Release|iPhone.Build.0 = Release|Any CPU
		{4EAED7E9-09BC-4DAE-B508-625C52EDEE82}.Release|iPhone.Deploy.0 = Release|Any CPU
		{4EAED7E9-09BC-4DAE-B508-625C52EDEE82}.Release|iPhoneSimulator.ActiveCfg = Release|Any CPU
		{4EAED7E9-09BC-4DAE-B508-625C52EDEE82}.Release|iPhoneSimulator.Build.0 = Release|Any CPU
		{4EAED7E9-09BC-4DAE-B508-625C52EDEE82}.Release|iPhoneSimulator.Deploy.0 = Release|Any CPU
		{4EAED7E9-09BC-4DAE-B508-625C52EDEE82}.Release|x64.ActiveCfg = Release|Any CPU
		{4EAED7E9-09BC-4DAE-B508-625C52EDEE82}.Release|x64.Build.0 = Release|Any CPU
		{4EAED7E9-09BC-4DAE-B508-625C52EDEE82}.Release|x64.Deploy.0 = Release|Any CPU
		{4EAED7E9-09BC-4DAE-B508-625C52EDEE82}.Release|x86.ActiveCfg = Release|Any CPU
		{4EAED7E9-09BC-4DAE-B508-625C52EDEE82}.Release|x86.Build.0 = Release|Any CPU
		{4EAED7E9-09BC-4DAE-B508-625C52EDEE82}.Release|x86.Deploy.0 = Release|Any CPU
		{25BEBD82-0423-4C34-BC70-39A7E0E7C5DC}.Ad-Hoc|Any CPU.ActiveCfg = Ad-Hoc|iPhone
		{25BEBD82-0423-4C34-BC70-39A7E0E7C5DC}.Ad-Hoc|ARM.ActiveCfg = Ad-Hoc|iPhone
		{25BEBD82-0423-4C34-BC70-39A7E0E7C5DC}.Ad-Hoc|iPhone.ActiveCfg = Ad-Hoc|iPhone
		{25BEBD82-0423-4C34-BC70-39A7E0E7C5DC}.Ad-Hoc|iPhone.Build.0 = Ad-Hoc|iPhone
		{25BEBD82-0423-4C34-BC70-39A7E0E7C5DC}.Ad-Hoc|iPhoneSimulator.ActiveCfg = Ad-Hoc|iPhoneSimulator
		{25BEBD82-0423-4C34-BC70-39A7E0E7C5DC}.Ad-Hoc|iPhoneSimulator.Build.0 = Ad-Hoc|iPhoneSimulator
		{25BEBD82-0423-4C34-BC70-39A7E0E7C5DC}.Ad-Hoc|x64.ActiveCfg = Ad-Hoc|iPhone
		{25BEBD82-0423-4C34-BC70-39A7E0E7C5DC}.Ad-Hoc|x86.ActiveCfg = Ad-Hoc|iPhone
		{25BEBD82-0423-4C34-BC70-39A7E0E7C5DC}.AppStore|Any CPU.ActiveCfg = AppStore|iPhone
		{25BEBD82-0423-4C34-BC70-39A7E0E7C5DC}.AppStore|ARM.ActiveCfg = AppStore|iPhone
		{25BEBD82-0423-4C34-BC70-39A7E0E7C5DC}.AppStore|iPhone.ActiveCfg = AppStore|iPhone
		{25BEBD82-0423-4C34-BC70-39A7E0E7C5DC}.AppStore|iPhone.Build.0 = AppStore|iPhone
		{25BEBD82-0423-4C34-BC70-39A7E0E7C5DC}.AppStore|iPhoneSimulator.ActiveCfg = AppStore|iPhoneSimulator
		{25BEBD82-0423-4C34-BC70-39A7E0E7C5DC}.AppStore|iPhoneSimulator.Build.0 = AppStore|iPhoneSimulator
		{25BEBD82-0423-4C34-BC70-39A7E0E7C5DC}.AppStore|x64.ActiveCfg = AppStore|iPhone
		{25BEBD82-0423-4C34-BC70-39A7E0E7C5DC}.AppStore|x86.ActiveCfg = AppStore|iPhone
		{25BEBD82-0423-4C34-BC70-39A7E0E7C5DC}.Debug|Any CPU.ActiveCfg = Debug|iPhone
		{25BEBD82-0423-4C34-BC70-39A7E0E7C5DC}.Debug|ARM.ActiveCfg = Debug|iPhone
		{25BEBD82-0423-4C34-BC70-39A7E0E7C5DC}.Debug|iPhone.ActiveCfg = Debug|iPhone
		{25BEBD82-0423-4C34-BC70-39A7E0E7C5DC}.Debug|iPhone.Build.0 = Debug|iPhone
		{25BEBD82-0423-4C34-BC70-39A7E0E7C5DC}.Debug|iPhoneSimulator.ActiveCfg = Debug|iPhoneSimulator
		{25BEBD82-0423-4C34-BC70-39A7E0E7C5DC}.Debug|iPhoneSimulator.Build.0 = Debug|iPhoneSimulator
		{25BEBD82-0423-4C34-BC70-39A7E0E7C5DC}.Debug|x64.ActiveCfg = Debug|iPhone
		{25BEBD82-0423-4C34-BC70-39A7E0E7C5DC}.Debug|x86.ActiveCfg = Debug|iPhone
		{25BEBD82-0423-4C34-BC70-39A7E0E7C5DC}.Release|Any CPU.ActiveCfg = Release|iPhone
		{25BEBD82-0423-4C34-BC70-39A7E0E7C5DC}.Release|ARM.ActiveCfg = Release|iPhone
		{25BEBD82-0423-4C34-BC70-39A7E0E7C5DC}.Release|iPhone.ActiveCfg = Release|iPhone
		{25BEBD82-0423-4C34-BC70-39A7E0E7C5DC}.Release|iPhone.Build.0 = Release|iPhone
		{25BEBD82-0423-4C34-BC70-39A7E0E7C5DC}.Release|iPhoneSimulator.ActiveCfg = Release|iPhoneSimulator
		{25BEBD82-0423-4C34-BC70-39A7E0E7C5DC}.Release|iPhoneSimulator.Build.0 = Release|iPhoneSimulator
		{25BEBD82-0423-4C34-BC70-39A7E0E7C5DC}.Release|x64.ActiveCfg = Release|iPhone
		{25BEBD82-0423-4C34-BC70-39A7E0E7C5DC}.Release|x86.ActiveCfg = Release|iPhone
	EndGlobalSection
	GlobalSection(SolutionProperties) = preSolution
		HideSolutionNode = FALSE
	EndGlobalSection
EndGlobal
